
Microsoft Visual Studio Solution File, Format Version 12.00
# Visual Studio Version 16
VisualStudioVersion = 16.0.29806.167
MinimumVisualStudioVersion = 10.0.40219.1
Project("{FAE04EC0-301F-11D3-BF4B-00C04F79EFBC}") = "AjaxCRUDInASPNETCore", "AjaxCRUDInASPNETCore\AjaxCRUDInASPNETCore.csproj", "{A3711F33-6671-4DE2-9CF6-2888248053C5}"
EndProject
Global
	GlobalSection(SolutionConfigurationPlatforms) = preSolution
		Debug|Any CPU = Debug|Any CPU
		Release|Any CPU = Release|Any CPU
	EndGlobalSection
	GlobalSection(ProjectConfigurationPlatforms) = postSolution
		{A3711F33-6671-4DE2-9CF6-2888248053C5}.Debug|Any CPU.ActiveCfg = Debug|Any CPU
		{A3711F33-6671-4DE2-9CF6-2888248053C5}.Debug|Any CPU.Build.0 = Debug|Any CPU
		{A3711F33-6671-4DE2-9CF6-2888248053C5}.Release|Any CPU.ActiveCfg = Release|Any CPU
		{A3711F33-6671-4DE2-9CF6-2888248053C5}.Release|Any CPU.Build.0 = Release|Any CPU
	EndGlobalSection
	GlobalSection(SolutionProperties) = preSolution
		HideSolutionNode = FALSE
	EndGlobalSection
	GlobalSection(ExtensibilityGlobals) = postSolution
		SolutionGuid = {B68387C2-77BF-417C-8AE2-B09BB9F3BB80}
	EndGlobalSection
EndGlobal
